[[package]]
name = "annotated-types"
version = "0.7.0"
description = "Reusable constraint types to use with typing.Annotated"
category = "main"
optional = false
python-versions = ">=3.8"

[[package]]
name = "anyio"
version = "4.9.0"
description = "High level compatibility layer for multiple asynchronous event loop implementations"
category = "main"
optional = false
python-versions = ">=3.9"

[package.dependencies]
exceptiongroup = {version = ">=1.0.2", markers = "python_version < \"3.11\""}
idna = ">=2.8"
sniffio = ">=1.1"
typing_extensions = {version = ">=4.5", markers = "python_version < \"3.13\""}

[package.extras]
trio = ["trio (>=0.26.1)"]
test = ["anyio", "blockbuster (>=1.5.23)", "coverage[toml] (>=7)", "exceptiongroup (>=1.2.0)", "hypothesis (>=4.0)", "psutil (>=5.9)", "pytest (>=7.0)", "trustme", "truststore (>=0.9.1)", "uvloop (>=0.21)"]
doc = ["packaging", "Sphinx (>=8.2,<9.0)", "sphinx-rtd-theme", "sphinx-autodoc-typehints (>=1.2.0)"]

[[package]]
name = "async-timeout"
version = "5.0.1"
description = "Timeout context manager for asyncio programs"
category = "main"
optional = false
python-versions = ">=3.8"

[[package]]
name = "asyncer"
version = "0.0.8"
description = "Asyncer, async and await, focused on developer experience."
category = "main"
optional = false
python-versions = ">=3.8"

[package.dependencies]
anyio = ">=3.4.0,<5.0"

[[package]]
name = "certifi"
version = "2025.6.15"
description = "Python package for providing Mozilla's CA Bundle."
category = "main"
optional = false
python-versions = ">=3.7"

[[package]]
name = "charset-normalizer"
version = "3.4.2"
description = "The Real First Universal Charset Detector. Open, modern and actively maintained alternative to Chardet."
category = "main"
optional = false
python-versions = ">=3.7"

[[package]]
name = "diskcache"
version = "5.6.3"
description = "Disk Cache -- Disk and file backed persistent cache."
category = "main"
optional = false
python-versions = ">=3"

[[package]]
name = "docker"
version = "7.1.0"
description = "A Python library for the Docker Engine API."
category = "main"
optional = false
python-versions = ">=3.8"

[package.dependencies]
pywin32 = {version = ">=304", markers = "sys_platform == \"win32\""}
requests = ">=2.26.0"
urllib3 = ">=1.26.0"

[package.extras]
dev = ["coverage (==7.2.7)", "pytest-cov (==4.1.0)", "pytest-timeout (==2.1.0)", "pytest (==7.4.2)", "ruff (==0.1.8)"]
docs = ["myst-parser (==0.18.0)", "sphinx (==5.1.1)"]
ssh = ["paramiko (>=2.4.3)"]
websockets = ["websocket-client (>=1.3.0)"]

[[package]]
name = "exceptiongroup"
version = "1.3.0"
description = "Backport of PEP 654 (exception groups)"
category = "main"
optional = false
python-versions = ">=3.7"

[package.dependencies]
typing-extensions = {version = ">=4.6.0", markers = "python_version < \"3.13\""}

[package.extras]
test = ["pytest (>=6)"]

[[package]]
name = "h11"
version = "0.16.0"
description = "A pure-Python, bring-your-own-I/O implementation of HTTP/1.1"
category = "main"
optional = false
python-versions = ">=3.8"

[[package]]
name = "httpcore"
version = "1.0.9"
description = "A minimal low-level HTTP client."
category = "main"
optional = false
python-versions = ">=3.8"

[package.dependencies]
certifi = "*"
h11 = ">=0.16"

[package.extras]
asyncio = ["anyio (>=4.0,<5.0)"]
http2 = ["h2 (>=3,<5)"]
socks = ["socksio (>=1.0.0,<2.0.0)"]
trio = ["trio (>=0.22.0,<1.0)"]

[[package]]
name = "httpx"
version = "0.28.1"
description = "The next generation HTTP client."
category = "main"
optional = false
python-versions = ">=3.8"

[package.dependencies]
anyio = "*"
certifi = "*"
httpcore = ">=1.0.0,<2.0.0"
idna = "*"

[package.extras]
brotli = ["brotli", "brotlicffi"]
cli = ["click (>=8.0.0,<9.0.0)", "pygments (>=2.0.0,<3.0.0)", "rich (>=10,<14)"]
http2 = ["h2 (>=3,<5)"]
socks = ["socksio (>=1.0.0,<2.0.0)"]
zstd = ["zstandard (>=0.18.0)"]

[[package]]
name = "idna"
version = "3.10"
description = "Internationalized Domain Names in Applications (IDNA)"
category = "main"
optional = false
python-versions = ">=3.6"

[package.extras]
all = ["ruff (>=0.6.2)", "mypy (>=1.11.2)", "pytest (>=8.3.2)", "flake8 (>=7.1.1)"]

[[package]]
name = "packaging"
version = "25.0"
description = "Core utilities for Python packages"
category = "main"
optional = false
python-versions = ">=3.8"

[[package]]
name = "pyautogen"
version = "0.9"
description = "A programming framework for agentic AI"
category = "main"
optional = false
python-versions = "<3.14,>=3.9"

[package.dependencies]
anyio = ">=3.0.0,<5.0.0"
asyncer = "0.0.8"
diskcache = "*"
docker = "*"
httpx = ">=0.28.1,<1"
packaging = "*"
pydantic = ">=2.6.1,<3"
python-dotenv = "*"
termcolor = "*"
tiktoken = "*"

[package.extras]
anthropic = ["anthropic[vertex] (>=0.23.1)"]
autobuild = ["chromadb", "huggingface-hub", "sentence-transformers (<=4.1.0)"]
bedrock = ["boto3 (>=1.34.149)"]
blendsearch = ["flaml"]
browser-use = ["browser-use (==0.1.37)"]
captainagent = ["chromadb", "huggingface-hub", "pandas", "sentence-transformers (<=4.1.0)"]
cerebras = ["cerebras-cloud-sdk (>=1.0.0)"]
cohere = ["cohere (>=5.13.5)"]
commsagent-discord = ["discord-py (>=2.4.0,<2.6)"]
commsagent-slack = ["slack-sdk (>=3.33.0,<3.40)"]
commsagent-telegram = ["telethon (>=1.38.1,<2)"]
cosmosdb = ["azure-cosmos (>=4.2.0)"]
crawl4ai = ["crawl4ai (>=0.4.247,<0.5)"]
deepseek = ["openai (>=1.66.2)"]
dev = ["cairosvg", "codespell (==2.4.1)", "detect-secrets (==1.5.0)", "dirty-equals (==0.9.0)", "fastapi (==0.115.12)", "ipykernel (==6.29.5)", "jinja2 (==3.1.6)", "mdx-include (==1.4.2)", "mike (==2.1.3)", "mkdocs-git-revision-date-localized-plugin (==1.3.0)", "mkdocs-glightbox (==0.4.0)", "mkdocs-literate-nav (==0.6.2)", "mkdocs-macros-plugin (==1.3.7)", "mkdocs-material (==9.6.12)", "mkdocs-minify-plugin (==0.8.0)", "mkdocs-redirects (==1.2.2)", "mkdocstrings[python] (==0.29.1)", "mock (==5.2.0)", "mypy (==1.15.0)", "nbclient (==0.10.2)", "nbconvert (==7.16.6)", "nbformat (==5.10.4)", "openai (>=1.66.2)", "pandas (==2.2.3)", "pdoc3 (==0.11.6)", "pillow", "pre-commit (==4.2.0)", "pytest-asyncio (==0.26.0)", "pytest-cov (==6.1.1)", "pytest (==8.3.5)", "pyupgrade-directories (==0.3.0)", "pyyaml (==6.0.2)", "ruff (==0.11.6)", "termcolor (==3.0.1)", "toml (==0.10.2)", "typer (==0.15.2)", "uv (==0.6.14)"]
docs = ["cairosvg", "jinja2 (==3.1.6)", "mdx-include (==1.4.2)", "mike (==2.1.3)", "mkdocs-git-revision-date-localized-plugin (==1.3.0)", "mkdocs-glightbox (==0.4.0)", "mkdocs-literate-nav (==0.6.2)", "mkdocs-macros-plugin (==1.3.7)", "mkdocs-material (==9.6.12)", "mkdocs-minify-plugin (==0.8.0)", "mkdocs-redirects (==1.2.2)", "mkdocstrings[python] (==0.29.1)", "nbclient (==0.10.2)", "pdoc3 (==0.11.6)", "pillow", "pyyaml (==6.0.2)", "termcolor (==3.0.1)", "typer (==0.15.2)"]
flaml = ["flaml", "numpy (>=1.24.0,<2.0.0)", "numpy (>=2.1)"]
gemini = ["google-api-core", "google-auth", "google-cloud-aiplatform", "google-genai (>=1.2.0)", "jsonschema", "pillow"]
gemini-realtime = ["google-api-core", "google-auth", "google-cloud-aiplatform", "google-genai (>=1.2.0)", "jsonschema", "pillow", "websockets (>=14.0,<16)"]
google-api = ["google-api-python-client (>=2.163.0,<3.0)", "google-auth-httplib2 (>=0.2.0,<0.3)", "google-auth-oauthlib (>=1.2.1,<2.0)"]
google-client = ["google-api-python-client (>=2.163.0,<3.0)"]
google-search = ["google-api-python-client (>=2.163.0,<3.0)"]
graph = ["matplotlib", "networkx"]
graph-rag-falkor-db = ["falkordb (>=1.0.10)", "graphrag-sdk (==0.7.1)"]
groq = ["groq (>=0.9.0)"]
interop = ["crewai[tools] (>=0.76,<1)", "langchain-community (>=0.3.12,<1)", "pydantic-ai (==0.0.31)", "weaviate-client (>=4,<5)"]
interop-crewai = ["crewai[tools] (>=0.76,<1)", "weaviate-client (>=4,<5)"]
interop-langchain = ["langchain-community (>=0.3.12,<1)"]
interop-pydantic-ai = ["pydantic-ai (==0.0.31)"]
jupyter-executor = ["ipykernel (>=6.29.0)", "jupyter-client (>=8.6.0)", "jupyter-kernel-gateway", "requests", "websocket-client"]
lint = ["codespell (==2.4.1)", "pyupgrade-directories (==0.3.0)", "ruff (==0.11.6)"]
lmm = ["pillow", "replicate"]
long-context = ["llmlingua (<0.3)"]
mathchat = ["sympy", "wolframalpha"]
mcp = ["mcp (>=1.4.0,<1.6)"]
mistral = ["mistralai (>=1.0.1)"]
neo4j = ["docx2txt (==0.9)", "llama-index-graph-stores-neo4j (==0.4.6)", "llama-index-readers-web (==0.3.9)", "llama-index (>=0.12,<1)"]
ollama = ["fix-busted-json (>=0.0.18)", "ollama (>=0.4.7)"]
openai = ["openai (>=1.66.2)"]
openai-realtime = ["openai (>=1.66.2)", "openai"]
rag = ["chromadb (>=0.5,<1)", "docling (>=2.15.1,<3)", "llama-index-embeddings-huggingface (==0.5.3)", "llama-index-llms-langchain (==0.6.1)", "llama-index-vector-stores-chroma (==0.4.1)", "llama-index-vector-stores-mongodb (==0.6.0)", "llama-index (>=0.12,<1)", "requests (>=2.32.3,<3)", "selenium (>=4.28.1,<5)", "webdriver-manager (==4.0.2)"]
redis = ["redis"]
retrievechat = ["beautifulsoup4", "chromadb (==0.6.3)", "ipython", "markdownify", "protobuf (==5.29.3)", "pypdf", "sentence-transformers (<=4.1.0)"]
retrievechat-couchbase = ["beautifulsoup4", "chromadb (==0.6.3)", "couchbase (>=4.3.0)", "ipython", "markdownify", "numpy", "protobuf (==5.29.3)", "pypdf", "sentence-transformers (<=4.1.0)"]
retrievechat-mongodb = ["beautifulsoup4", "chromadb (==0.6.3)", "ipython", "markdownify", "numpy", "protobuf (==5.29.3)", "pymongo (>=4.0.0)", "pypdf", "sentence-transformers (<=4.1.0)"]
retrievechat-pgvector = ["beautifulsoup4", "chromadb (==0.6.3)", "ipython", "markdownify", "pgvector (>=0.2.5)", "protobuf (==5.29.3)", "psycopg (>=3.1.18)", "psycopg[binary] (>=3.1.18)", "pypdf", "sentence-transformers (<=4.1.0)"]
retrievechat-qdrant = ["beautifulsoup4", "chromadb (==0.6.3)", "fastembed (>=0.3.1)", "ipython", "markdownify", "protobuf (==5.29.3)", "pypdf", "qdrant-client", "sentence-transformers (<=4.1.0)"]
teachable = ["chromadb"]
test = ["dirty-equals (==0.9.0)", "fastapi (==0.115.12)", "ipykernel (==6.29.5)", "mock (==5.2.0)", "nbconvert (==7.16.6)", "nbformat (==5.10.4)", "pandas (==2.2.3)", "pytest-asyncio (==0.26.0)", "pytest-cov (==6.1.1)", "pytest (==8.3.5)"]
together = ["together (>=1.2)"]
twilio = ["fastapi (>=0.115.0,<1)", "twilio (>=9.3.2)", "uvicorn (>=0.30.6,<1)"]
types = ["dirty-equals (==0.9.0)", "fastapi (==0.115.12)", "ipykernel (==6.29.5)", "mock (==5.2.0)", "mypy (==1.15.0)", "nbconvert (==7.16.6)", "nbformat (==5.10.4)", "openai (>=1.66.2)", "pandas (==2.2.3)", "pytest-asyncio (==0.26.0)", "pytest-cov (==6.1.1)", "pytest (==8.3.5)"]
websockets = ["websockets (>=14.0,<16)"]
websurfer = ["beautifulsoup4", "markdownify", "pathvalidate", "pdfminer-six"]
wikipedia = ["wikipedia-api (>=0.8.1,<1.0)"]

[[package]]
name = "pydantic"
version = "2.11.7"
description = "Data validation using Python type hints"
category = "main"
optional = false
python-versions = ">=3.9"

[package.dependencies]
annotated-types = ">=0.6.0"
pydantic-core = "2.33.2"
typing-extensions = ">=4.12.2"
typing-inspection = ">=0.4.0"

[package.extras]
email = ["email-validator (>=2.0.0)"]
timezone = ["tzdata"]

[[package]]
name = "pydantic-core"
version = "2.33.2"
description = "Core functionality for Pydantic validation and serialization"
category = "main"
optional = false
python-versions = ">=3.9"

[package.dependencies]
typing-extensions = ">=4.6.0,<4.7.0 || >4.7.0"

[[package]]
name = "python-dotenv"
version = "1.1.1"
description = "Read key-value pairs from a .env file and set them as environment variables"
category = "main"
optional = false
python-versions = ">=3.9"

[package.extras]
cli = ["click (>=5.0)"]

[[package]]
name = "pywin32"
version = "310"
description = "Python for Window Extensions"
category = "main"
optional = false
python-versions = "*"

[[package]]
name = "redis"
version = "6.2.0"
description = "Python client for Redis database and key-value store"
category = "main"
optional = false
python-versions = ">=3.9"

[package.dependencies]
async-timeout = {version = ">=4.0.3", markers = "python_full_version < \"3.11.3\""}

[package.extras]
hiredis = ["hiredis (>=3.2.0)"]
jwt = ["pyjwt (>=2.9.0)"]
ocsp = ["cryptography (>=36.0.1)", "pyopenssl (>=20.0.1)", "requests (>=2.31.0)"]

[[package]]
name = "regex"
version = "2024.11.6"
description = "Alternative regular expression module, to replace re."
category = "main"
optional = false
python-versions = ">=3.8"

[[package]]
name = "requests"
version = "2.32.4"
description = "Python HTTP for Humans."
category = "main"
optional = false
python-versions = ">=3.8"

[package.dependencies]
certifi = ">=2017.4.17"
charset_normalizer = ">=2,<4"
idna = ">=2.5,<4"
urllib3 = ">=1.21.1,<3"

[package.extras]
socks = ["PySocks (>=1.5.6,!=1.5.7)"]
use-chardet-on-py3 = ["chardet (>=3.0.2,<6)"]

[[package]]
name = "sniffio"
version = "1.3.1"
description = "Sniff out which async library your code is running under"
category = "main"
optional = false
python-versions = ">=3.7"

[[package]]
name = "termcolor"
version = "3.1.0"
description = "ANSI color formatting for output in terminal"
category = "main"
optional = false
python-versions = ">=3.9"

[package.extras]
tests = ["pytest", "pytest-cov"]

[[package]]
name = "tiktoken"
version = "0.9.0"
description = "tiktoken is a fast BPE tokeniser for use with OpenAI's models"
category = "main"
optional = false
python-versions = ">=3.9"

[package.dependencies]
regex = ">=2022.1.18"
requests = ">=2.26.0"

[package.extras]
blobfile = ["blobfile (>=2)"]

[[package]]
name = "typing-extensions"
version = "4.14.0"
description = "Backported and Experimental Type Hints for Python 3.9+"
category = "main"
optional = false
python-versions = ">=3.9"

[[package]]
name = "typing-inspection"
version = "0.4.1"
description = "Runtime typing introspection tools"
category = "main"
optional = false
python-versions = ">=3.9"

[package.dependencies]
typing-extensions = ">=4.12.0"

[[package]]
name = "urllib3"
version = "2.5.0"
description = "HTTP library with thread-safe connection pooling, file post, and more."
category = "main"
optional = false
python-versions = ">=3.9"

[package.extras]
brotli = ["brotli (>=1.0.9)", "brotlicffi (>=0.8.0)"]
h2 = ["h2 (>=4,<5)"]
socks = ["pysocks (>=1.5.6,!=1.5.7,<2.0)"]
zstd = ["zstandard (>=0.18.0)"]

[metadata]
lock-version = "1.1"
python-versions = ">=3.10, <3.14" 
content-hash = "51a75b89567aff4f6a434803575698f26c2a2bc9e592108eecd7f17943ad1b84"

[metadata.files]
annotated-types = []
anyio = []
async-timeout = []
asyncer = []
certifi = []
charset-normalizer = []
diskcache = []
docker = []
exceptiongroup = []
h11 = []
httpcore = []
httpx = []
idna = []
packaging = []
pyautogen = []
pydantic = []
pydantic-core = []
python-dotenv = []
pywin32 = []
redis = []
regex = []
requests = []
sniffio = []
termcolor = []
tiktoken = []
typing-extensions = []
typing-inspection = []
urllib3 = []
